
Microsoft Visual Studio Solution File, Format Version 12.00
# Visual Studio Version 16
VisualStudioVersion = 16.0.32407.337
MinimumVisualStudioVersion = 10.0.40219.1
Project("{FAE04EC0-301F-11D3-BF4B-00C04F79EFBC}") = "QL_ThuVien.Intergrate", "QL_ThuVien.Intergrate\QL_ThuVien.Intergrate.csproj", "{E076C928-75C0-4A78-92A4-A026C5883AF5}"
EndProject
Project("{FAE04EC0-301F-11D3-BF4B-00C04F79EFBC}") = "QL_ThuVien", "QL_ThuVien\QL_ThuVien.csproj", "{3C84DEB1-8B4B-4AD9-9DC9-40CD15CD37E6}"
EndProject
Global
	GlobalSection(SolutionConfigurationPlatforms) = preSolution
		Debug|Any CPU = Debug|Any CPU
		Release|Any CPU = Release|Any CPU
	EndGlobalSection
	GlobalSection(ProjectConfigurationPlatforms) = postSolution
		{E076C928-75C0-4A78-92A4-A026C5883AF5}.Debug|Any CPU.ActiveCfg = Debug|Any CPU
		{E076C928-75C0-4A78-92A4-A026C5883AF5}.Debug|Any CPU.Build.0 = Debug|Any CPU
		{E076C928-75C0-4A78-92A4-A026C5883AF5}.Release|Any CPU.ActiveCfg = Release|Any CPU
		{E076C928-75C0-4A78-92A4-A026C5883AF5}.Release|Any CPU.Build.0 = Release|Any CPU
		{3C84DEB1-8B4B-4AD9-9DC9-40CD15CD37E6}.Debug|Any CPU.ActiveCfg = Debug|Any CPU
		{3C84DEB1-8B4B-4AD9-9DC9-40CD15CD37E6}.Debug|Any CPU.Build.0 = Debug|Any CPU
		{3C84DEB1-8B4B-4AD9-9DC9-40CD15CD37E6}.Release|Any CPU.ActiveCfg = Release|Any CPU
		{3C84DEB1-8B4B-4AD9-9DC9-40CD15CD37E6}.Release|Any CPU.Build.0 = Release|Any CPU
	EndGlobalSection
	GlobalSection(SolutionProperties) = preSolution
		HideSolutionNode = FALSE
	EndGlobalSection
	GlobalSection(ExtensibilityGlobals) = postSolution
		SolutionGuid = {B5C906AD-A52E-4B16-A4A0-D9F1A8B938F2}
	EndGlobalSection
EndGlobal
